
Microsoft Visual Studio Solution File, Format Version 12.00
# Visual Studio Version 17
VisualStudioVersion = 17.7.34202.233
MinimumVisualStudioVersion = 10.0.40219.1
Project("{FAE04EC0-301F-11D3-BF4B-00C04F79EFBC}") = "BreakBrick", "BreakBrick\BreakBrick.csproj", "{77DFD2C9-058F-4BD3-BB88-B707B6FD2F2E}"
EndProject
Global
	GlobalSection(SolutionConfigurationPlatforms) = preSolution
		Debug|Any CPU = Debug|Any CPU
		Release|Any CPU = Release|Any CPU
	EndGlobalSection
	GlobalSection(ProjectConfigurationPlatforms) = postSolution
		{77DFD2C9-058F-4BD3-BB88-B707B6FD2F2E}.Debug|Any CPU.ActiveCfg = Debug|Any CPU
		{77DFD2C9-058F-4BD3-BB88-B707B6FD2F2E}.Debug|Any CPU.Build.0 = Debug|Any CPU
		{77DFD2C9-058F-4BD3-BB88-B707B6FD2F2E}.Release|Any CPU.ActiveCfg = Release|Any CPU
		{77DFD2C9-058F-4BD3-BB88-B707B6FD2F2E}.Release|Any CPU.Build.0 = Release|Any CPU
	EndGlobalSection
	GlobalSection(SolutionProperties) = preSolution
		HideSolutionNode = FALSE
	EndGlobalSection
	GlobalSection(ExtensibilityGlobals) = postSolution
		SolutionGuid = {76F1A22E-2E18-4978-B252-13A4E1407B4D}
	EndGlobalSection
EndGlobal
